
Microsoft Visual Studio Solution File, Format Version 12.00
# Visual Studio Version 16
VisualStudioVersion = 16.0.31019.35
MinimumVisualStudioVersion = 10.0.40219.1
Project("{9A19103F-16F7-4668-BE54-9A1E7A4F7556}") = "OpCodeViewer", "OpCodeViewer\OpCodeViewer.csproj", "{9CAB0CDF-F5AB-4C22-9FBF-0E5D0DE6CC17}"
EndProject
Project("{9A19103F-16F7-4668-BE54-9A1E7A4F7556}") = "W65C02S.Engine", "W65C02S.Engine\W65C02S.Engine.csproj", "{96DEA777-EB50-492D-8C1E-2C6955987106}"
EndProject
Project("{2150E333-8FDC-42A3-9474-1A3956D46DE8}") = "W65C02 System", "W65C02 System", "{1EDE5D72-678F-4EE2-9895-84D89EDED78A}"
EndProject
Project("{9A19103F-16F7-4668-BE54-9A1E7A4F7556}") = "W65C02S.CPU", "W65C02S.CPU\W65C02S.CPU.csproj", "{47DE9775-CD3D-4054-884E-EFD9064A9818}"
EndProject
Project("{9A19103F-16F7-4668-BE54-9A1E7A4F7556}") = "W65C02S.Console", "W65C02S.Console\W65C02S.Console.csproj", "{C9A65628-2E78-4F60-88AA-38CCB6BCD469}"
EndProject
Project("{2150E333-8FDC-42A3-9474-1A3956D46DE8}") = "Units Tests", "Units Tests", "{799E70C8-A37F-4400-94C3-55E4342E0C51}"
EndProject
Project("{9A19103F-16F7-4668-BE54-9A1E7A4F7556}") = "W65C02S.CPU.Tests", "W65C02S.CPU.Tests\W65C02S.CPU.Tests.csproj", "{18295F16-07B4-4AE2-9BCC-81791A454372}"
EndProject
Project("{9A19103F-16F7-4668-BE54-9A1E7A4F7556}") = "W65C02.API", "W65C02.API\W65C02.API.csproj", "{65D3D8B4-2D35-4CC8-AB7C-A7F1BBD57350}"
EndProject
Project("{9A19103F-16F7-4668-BE54-9A1E7A4F7556}") = "Plugin.Manager", "Plugin.Manager\Plugin.Manager.csproj", "{A319002C-1C54-425A-A28E-0CD136062CBA}"
EndProject
Project("{2150E333-8FDC-42A3-9474-1A3956D46DE8}") = "Plugins", "Plugins", "{FF2CAF7A-9B0F-4766-96E2-55297D4B3C7E}"
EndProject
Project("{9A19103F-16F7-4668-BE54-9A1E7A4F7556}") = "W65C02S.Plugin.VIA", "W65C02S.Plugin.VIA\W65C02S.Plugin.VIA.csproj", "{636BAFB4-D923-4601-8030-A935B162566C}"
EndProject
Project("{FAE04EC0-301F-11D3-BF4B-00C04F79EFBC}") = "W65C02S.MappingManager", "W65C02S.MappingManager\W65C02S.MappingManager.csproj", "{6471BE17-D14A-4B97-A7F5-C772CF29C6A1}"
EndProject
Global
	GlobalSection(SolutionConfigurationPlatforms) = preSolution
		Debug|Any CPU = Debug|Any CPU
		Release|Any CPU = Release|Any CPU
	EndGlobalSection
	GlobalSection(ProjectConfigurationPlatforms) = postSolution
		{9CAB0CDF-F5AB-4C22-9FBF-0E5D0DE6CC17}.Debug|Any CPU.ActiveCfg = Debug|Any CPU
		{9CAB0CDF-F5AB-4C22-9FBF-0E5D0DE6CC17}.Debug|Any CPU.Build.0 = Debug|Any CPU
		{9CAB0CDF-F5AB-4C22-9FBF-0E5D0DE6CC17}.Release|Any CPU.ActiveCfg = Release|Any CPU
		{9CAB0CDF-F5AB-4C22-9FBF-0E5D0DE6CC17}.Release|Any CPU.Build.0 = Release|Any CPU
		{96DEA777-EB50-492D-8C1E-2C6955987106}.Debug|Any CPU.ActiveCfg = Debug|Any CPU
		{96DEA777-EB50-492D-8C1E-2C6955987106}.Debug|Any CPU.Build.0 = Debug|Any CPU
		{96DEA777-EB50-492D-8C1E-2C6955987106}.Release|Any CPU.ActiveCfg = Release|Any CPU
		{96DEA777-EB50-492D-8C1E-2C6955987106}.Release|Any CPU.Build.0 = Release|Any CPU
		{47DE9775-CD3D-4054-884E-EFD9064A9818}.Debug|Any CPU.ActiveCfg = Debug|Any CPU
		{47DE9775-CD3D-4054-884E-EFD9064A9818}.Debug|Any CPU.Build.0 = Debug|Any CPU
		{47DE9775-CD3D-4054-884E-EFD9064A9818}.Release|Any CPU.ActiveCfg = Release|Any CPU
		{47DE9775-CD3D-4054-884E-EFD9064A9818}.Release|Any CPU.Build.0 = Release|Any CPU
		{C9A65628-2E78-4F60-88AA-38CCB6BCD469}.Debug|Any CPU.ActiveCfg = Debug|Any CPU
		{C9A65628-2E78-4F60-88AA-38CCB6BCD469}.Debug|Any CPU.Build.0 = Debug|Any CPU
		{C9A65628-2E78-4F60-88AA-38CCB6BCD469}.Release|Any CPU.ActiveCfg = Release|Any CPU
		{C9A65628-2E78-4F60-88AA-38CCB6BCD469}.Release|Any CPU.Build.0 = Release|Any CPU
		{18295F16-07B4-4AE2-9BCC-81791A454372}.Debug|Any CPU.ActiveCfg = Debug|Any CPU
		{18295F16-07B4-4AE2-9BCC-81791A454372}.Debug|Any CPU.Build.0 = Debug|Any CPU
		{18295F16-07B4-4AE2-9BCC-81791A454372}.Release|Any CPU.ActiveCfg = Release|Any CPU
		{18295F16-07B4-4AE2-9BCC-81791A454372}.Release|Any CPU.Build.0 = Release|Any CPU
		{65D3D8B4-2D35-4CC8-AB7C-A7F1BBD57350}.Debug|Any CPU.ActiveCfg = Debug|Any CPU
		{65D3D8B4-2D35-4CC8-AB7C-A7F1BBD57350}.Debug|Any CPU.Build.0 = Debug|Any CPU
		{65D3D8B4-2D35-4CC8-AB7C-A7F1BBD57350}.Release|Any CPU.ActiveCfg = Release|Any CPU
		{65D3D8B4-2D35-4CC8-AB7C-A7F1BBD57350}.Release|Any CPU.Build.0 = Release|Any CPU
		{A319002C-1C54-425A-A28E-0CD136062CBA}.Debug|Any CPU.ActiveCfg = Debug|Any CPU
		{A319002C-1C54-425A-A28E-0CD136062CBA}.Debug|Any CPU.Build.0 = Debug|Any CPU
		{A319002C-1C54-425A-A28E-0CD136062CBA}.Release|Any CPU.ActiveCfg = Release|Any CPU
		{A319002C-1C54-425A-A28E-0CD136062CBA}.Release|Any CPU.Build.0 = Release|Any CPU
		{636BAFB4-D923-4601-8030-A935B162566C}.Debug|Any CPU.ActiveCfg = Debug|Any CPU
		{636BAFB4-D923-4601-8030-A935B162566C}.Debug|Any CPU.Build.0 = Debug|Any CPU
		{636BAFB4-D923-4601-8030-A935B162566C}.Release|Any CPU.ActiveCfg = Release|Any CPU
		{636BAFB4-D923-4601-8030-A935B162566C}.Release|Any CPU.Build.0 = Release|Any CPU
		{6471BE17-D14A-4B97-A7F5-C772CF29C6A1}.Debug|Any CPU.ActiveCfg = Debug|Any CPU
		{6471BE17-D14A-4B97-A7F5-C772CF29C6A1}.Debug|Any CPU.Build.0 = Debug|Any CPU
		{6471BE17-D14A-4B97-A7F5-C772CF29C6A1}.Release|Any CPU.ActiveCfg = Release|Any CPU
		{6471BE17-D14A-4B97-A7F5-C772CF29C6A1}.Release|Any CPU.Build.0 = Release|Any CPU
	EndGlobalSection
	GlobalSection(SolutionProperties) = preSolution
		HideSolutionNode = FALSE
	EndGlobalSection
	GlobalSection(NestedProjects) = preSolution
		{96DEA777-EB50-492D-8C1E-2C6955987106} = {1EDE5D72-678F-4EE2-9895-84D89EDED78A}
		{47DE9775-CD3D-4054-884E-EFD9064A9818} = {1EDE5D72-678F-4EE2-9895-84D89EDED78A}
		{799E70C8-A37F-4400-94C3-55E4342E0C51} = {1EDE5D72-678F-4EE2-9895-84D89EDED78A}
		{18295F16-07B4-4AE2-9BCC-81791A454372} = {799E70C8-A37F-4400-94C3-55E4342E0C51}
		{65D3D8B4-2D35-4CC8-AB7C-A7F1BBD57350} = {1EDE5D72-678F-4EE2-9895-84D89EDED78A}
		{A319002C-1C54-425A-A28E-0CD136062CBA} = {1EDE5D72-678F-4EE2-9895-84D89EDED78A}
		{FF2CAF7A-9B0F-4766-96E2-55297D4B3C7E} = {1EDE5D72-678F-4EE2-9895-84D89EDED78A}
		{636BAFB4-D923-4601-8030-A935B162566C} = {FF2CAF7A-9B0F-4766-96E2-55297D4B3C7E}
		{6471BE17-D14A-4B97-A7F5-C772CF29C6A1} = {1EDE5D72-678F-4EE2-9895-84D89EDED78A}
	EndGlobalSection
	GlobalSection(ExtensibilityGlobals) = postSolution
		SolutionGuid = {A2090FA9-B1FC-4D52-8C9A-E396513C696A}
	EndGlobalSection
EndGlobal
