
Microsoft Visual Studio Solution File, Format Version 12.00
# Visual Studio Version 16
VisualStudioVersion = 16.0.31019.35
MinimumVisualStudioVersion = 10.0.40219.1
Project("{9A19103F-16F7-4668-BE54-9A1E7A4F7556}") = "OpCodeViewer", "OpCodeViewer\OpCodeViewer.csproj", "{9CAB0CDF-F5AB-4C22-9FBF-0E5D0DE6CC17}"
EndProject
Project("{9A19103F-16F7-4668-BE54-9A1E7A4F7556}") = "W65C02S.Engine", "W65C02S.Engine\W65C02S.Engine.csproj", "{96DEA777-EB50-492D-8C1E-2C6955987106}"
EndProject
Project("{2150E333-8FDC-42A3-9474-1A3956D46DE8}") = "W65C02 System", "W65C02 System", "{1EDE5D72-678F-4EE2-9895-84D89EDED78A}"
EndProject
Project("{9A19103F-16F7-4668-BE54-9A1E7A4F7556}") = "W65C02S.CPU", "W65C02S.CPU\W65C02S.CPU.csproj", "{47DE9775-CD3D-4054-884E-EFD9064A9818}"
EndProject
Project("{9A19103F-16F7-4668-BE54-9A1E7A4F7556}") = "W65C02S.Clock", "W65C02S.Clock\W65C02S.Clock.csproj", "{965B5C3C-3794-4FE1-959E-30DBC485A8DA}"
EndProject
Project("{9A19103F-16F7-4668-BE54-9A1E7A4F7556}") = "W65C02S.Console", "W65C02S.Console\W65C02S.Console.csproj", "{C9A65628-2E78-4F60-88AA-38CCB6BCD469}"
EndProject
Project("{9A19103F-16F7-4668-BE54-9A1E7A4F7556}") = "W65C02S.Bus", "W65C02S.Bus\W65C02S.Bus.csproj", "{B94CA21E-F55F-4D88-AB49-8FE24DEF5F90}"
EndProject
Project("{9A19103F-16F7-4668-BE54-9A1E7A4F7556}") = "W65C02S.ROM", "W65C02S.ROM\W65C02S.ROM.csproj", "{38C8F7CE-9C38-4FAD-ABAD-7ADBDF35C6CE}"
EndProject
Project("{9A19103F-16F7-4668-BE54-9A1E7A4F7556}") = "W65C02S.RAM", "W65C02S.RAM\W65C02S.RAM.csproj", "{C83DC7F0-EDE9-4E80-AC85-84A5A67184D4}"
EndProject
Project("{9A19103F-16F7-4668-BE54-9A1E7A4F7556}") = "W65C02S.MemoryMappedDevice", "W65C02S.MemoryMappedDevice\W65C02S.MemoryMappedDevice.csproj", "{CF8E7861-A6F2-4D5A-AEA2-864967747986}"
EndProject
Project("{9A19103F-16F7-4668-BE54-9A1E7A4F7556}") = "W65C02S.InputOutput.Devices", "W65C02S.InputOutput.Devices\W65C02S.InputOutput.Devices.csproj", "{D91475A5-E191-4659-AD57-19CED2E8320F}"
EndProject
Project("{9A19103F-16F7-4668-BE54-9A1E7A4F7556}") = "W65C02S.Simulator", "W65C02S.Simulator\W65C02S.Simulator.csproj", "{73E30C8F-5C8B-4E17-82B1-FB0D5E3C5518}"
EndProject
Project("{2150E333-8FDC-42A3-9474-1A3956D46DE8}") = "Units Tests", "Units Tests", "{799E70C8-A37F-4400-94C3-55E4342E0C51}"
EndProject
Project("{FAE04EC0-301F-11D3-BF4B-00C04F79EFBC}") = "W65C02S.CPU.Tests", "W65C02S.CPU.Tests\W65C02S.CPU.Tests.csproj", "{18295F16-07B4-4AE2-9BCC-81791A454372}"
EndProject
Global
	GlobalSection(SolutionConfigurationPlatforms) = preSolution
		Debug|Any CPU = Debug|Any CPU
		Release|Any CPU = Release|Any CPU
	EndGlobalSection
	GlobalSection(ProjectConfigurationPlatforms) = postSolution
		{9CAB0CDF-F5AB-4C22-9FBF-0E5D0DE6CC17}.Debug|Any CPU.ActiveCfg = Debug|Any CPU
		{9CAB0CDF-F5AB-4C22-9FBF-0E5D0DE6CC17}.Debug|Any CPU.Build.0 = Debug|Any CPU
		{9CAB0CDF-F5AB-4C22-9FBF-0E5D0DE6CC17}.Release|Any CPU.ActiveCfg = Release|Any CPU
		{9CAB0CDF-F5AB-4C22-9FBF-0E5D0DE6CC17}.Release|Any CPU.Build.0 = Release|Any CPU
		{96DEA777-EB50-492D-8C1E-2C6955987106}.Debug|Any CPU.ActiveCfg = Debug|Any CPU
		{96DEA777-EB50-492D-8C1E-2C6955987106}.Debug|Any CPU.Build.0 = Debug|Any CPU
		{96DEA777-EB50-492D-8C1E-2C6955987106}.Release|Any CPU.ActiveCfg = Release|Any CPU
		{96DEA777-EB50-492D-8C1E-2C6955987106}.Release|Any CPU.Build.0 = Release|Any CPU
		{47DE9775-CD3D-4054-884E-EFD9064A9818}.Debug|Any CPU.ActiveCfg = Debug|Any CPU
		{47DE9775-CD3D-4054-884E-EFD9064A9818}.Debug|Any CPU.Build.0 = Debug|Any CPU
		{47DE9775-CD3D-4054-884E-EFD9064A9818}.Release|Any CPU.ActiveCfg = Release|Any CPU
		{47DE9775-CD3D-4054-884E-EFD9064A9818}.Release|Any CPU.Build.0 = Release|Any CPU
		{965B5C3C-3794-4FE1-959E-30DBC485A8DA}.Debug|Any CPU.ActiveCfg = Debug|Any CPU
		{965B5C3C-3794-4FE1-959E-30DBC485A8DA}.Debug|Any CPU.Build.0 = Debug|Any CPU
		{965B5C3C-3794-4FE1-959E-30DBC485A8DA}.Release|Any CPU.ActiveCfg = Release|Any CPU
		{965B5C3C-3794-4FE1-959E-30DBC485A8DA}.Release|Any CPU.Build.0 = Release|Any CPU
		{C9A65628-2E78-4F60-88AA-38CCB6BCD469}.Debug|Any CPU.ActiveCfg = Debug|Any CPU
		{C9A65628-2E78-4F60-88AA-38CCB6BCD469}.Debug|Any CPU.Build.0 = Debug|Any CPU
		{C9A65628-2E78-4F60-88AA-38CCB6BCD469}.Release|Any CPU.ActiveCfg = Release|Any CPU
		{C9A65628-2E78-4F60-88AA-38CCB6BCD469}.Release|Any CPU.Build.0 = Release|Any CPU
		{B94CA21E-F55F-4D88-AB49-8FE24DEF5F90}.Debug|Any CPU.ActiveCfg = Debug|Any CPU
		{B94CA21E-F55F-4D88-AB49-8FE24DEF5F90}.Debug|Any CPU.Build.0 = Debug|Any CPU
		{B94CA21E-F55F-4D88-AB49-8FE24DEF5F90}.Release|Any CPU.ActiveCfg = Release|Any CPU
		{B94CA21E-F55F-4D88-AB49-8FE24DEF5F90}.Release|Any CPU.Build.0 = Release|Any CPU
		{38C8F7CE-9C38-4FAD-ABAD-7ADBDF35C6CE}.Debug|Any CPU.ActiveCfg = Debug|Any CPU
		{38C8F7CE-9C38-4FAD-ABAD-7ADBDF35C6CE}.Debug|Any CPU.Build.0 = Debug|Any CPU
		{38C8F7CE-9C38-4FAD-ABAD-7ADBDF35C6CE}.Release|Any CPU.ActiveCfg = Release|Any CPU
		{38C8F7CE-9C38-4FAD-ABAD-7ADBDF35C6CE}.Release|Any CPU.Build.0 = Release|Any CPU
		{C83DC7F0-EDE9-4E80-AC85-84A5A67184D4}.Debug|Any CPU.ActiveCfg = Debug|Any CPU
		{C83DC7F0-EDE9-4E80-AC85-84A5A67184D4}.Debug|Any CPU.Build.0 = Debug|Any CPU
		{C83DC7F0-EDE9-4E80-AC85-84A5A67184D4}.Release|Any CPU.ActiveCfg = Release|Any CPU
		{C83DC7F0-EDE9-4E80-AC85-84A5A67184D4}.Release|Any CPU.Build.0 = Release|Any CPU
		{CF8E7861-A6F2-4D5A-AEA2-864967747986}.Debug|Any CPU.ActiveCfg = Debug|Any CPU
		{CF8E7861-A6F2-4D5A-AEA2-864967747986}.Debug|Any CPU.Build.0 = Debug|Any CPU
		{CF8E7861-A6F2-4D5A-AEA2-864967747986}.Release|Any CPU.ActiveCfg = Release|Any CPU
		{CF8E7861-A6F2-4D5A-AEA2-864967747986}.Release|Any CPU.Build.0 = Release|Any CPU
		{D91475A5-E191-4659-AD57-19CED2E8320F}.Debug|Any CPU.ActiveCfg = Debug|Any CPU
		{D91475A5-E191-4659-AD57-19CED2E8320F}.Debug|Any CPU.Build.0 = Debug|Any CPU
		{D91475A5-E191-4659-AD57-19CED2E8320F}.Release|Any CPU.ActiveCfg = Release|Any CPU
		{D91475A5-E191-4659-AD57-19CED2E8320F}.Release|Any CPU.Build.0 = Release|Any CPU
		{73E30C8F-5C8B-4E17-82B1-FB0D5E3C5518}.Debug|Any CPU.ActiveCfg = Debug|Any CPU
		{73E30C8F-5C8B-4E17-82B1-FB0D5E3C5518}.Debug|Any CPU.Build.0 = Debug|Any CPU
		{73E30C8F-5C8B-4E17-82B1-FB0D5E3C5518}.Release|Any CPU.ActiveCfg = Release|Any CPU
		{73E30C8F-5C8B-4E17-82B1-FB0D5E3C5518}.Release|Any CPU.Build.0 = Release|Any CPU
		{18295F16-07B4-4AE2-9BCC-81791A454372}.Debug|Any CPU.ActiveCfg = Debug|Any CPU
		{18295F16-07B4-4AE2-9BCC-81791A454372}.Debug|Any CPU.Build.0 = Debug|Any CPU
		{18295F16-07B4-4AE2-9BCC-81791A454372}.Release|Any CPU.ActiveCfg = Release|Any CPU
		{18295F16-07B4-4AE2-9BCC-81791A454372}.Release|Any CPU.Build.0 = Release|Any CPU
	EndGlobalSection
	GlobalSection(SolutionProperties) = preSolution
		HideSolutionNode = FALSE
	EndGlobalSection
	GlobalSection(NestedProjects) = preSolution
		{96DEA777-EB50-492D-8C1E-2C6955987106} = {1EDE5D72-678F-4EE2-9895-84D89EDED78A}
		{47DE9775-CD3D-4054-884E-EFD9064A9818} = {1EDE5D72-678F-4EE2-9895-84D89EDED78A}
		{965B5C3C-3794-4FE1-959E-30DBC485A8DA} = {1EDE5D72-678F-4EE2-9895-84D89EDED78A}
		{B94CA21E-F55F-4D88-AB49-8FE24DEF5F90} = {1EDE5D72-678F-4EE2-9895-84D89EDED78A}
		{38C8F7CE-9C38-4FAD-ABAD-7ADBDF35C6CE} = {1EDE5D72-678F-4EE2-9895-84D89EDED78A}
		{C83DC7F0-EDE9-4E80-AC85-84A5A67184D4} = {1EDE5D72-678F-4EE2-9895-84D89EDED78A}
		{CF8E7861-A6F2-4D5A-AEA2-864967747986} = {1EDE5D72-678F-4EE2-9895-84D89EDED78A}
		{D91475A5-E191-4659-AD57-19CED2E8320F} = {1EDE5D72-678F-4EE2-9895-84D89EDED78A}
		{799E70C8-A37F-4400-94C3-55E4342E0C51} = {1EDE5D72-678F-4EE2-9895-84D89EDED78A}
		{18295F16-07B4-4AE2-9BCC-81791A454372} = {799E70C8-A37F-4400-94C3-55E4342E0C51}
	EndGlobalSection
	GlobalSection(ExtensibilityGlobals) = postSolution
		SolutionGuid = {A2090FA9-B1FC-4D52-8C9A-E396513C696A}
	EndGlobalSection
EndGlobal
